
Microsoft Visual Studio Solution File, Format Version 11.00
# Visual Studio 2010
Project("{FAE04EC0-301F-11D3-BF4B-00C04F79EFBC}") = "AprioriAllTest", "AprioriAllTest\AprioriAllTest.csproj", "{8B7069AB-E7D4-4A0F-82B6-F1D6831A51C3}"
EndProject
Project("{2150E333-8FDC-42A3-9474-1A3956D46DE8}") = "Solution Items", "Solution Items", "{3088E74F-D09A-43A3-B21D-75BA0C05A258}"
	ProjectSection(SolutionItems) = preProject
		AprioriAll.vsmdi = AprioriAll.vsmdi
		Local.testsettings = Local.testsettings
		TraceAndTestImpact.testsettings = TraceAndTestImpact.testsettings
	EndProjectSection
EndProject
Project("{FAE04EC0-301F-11D3-BF4B-00C04F79EFBC}") = "AprioriAllLib", "AprioriAllLib\AprioriAllLib.csproj", "{8EB6F2DA-E671-4227-BE88-DA183A0C227B}"
EndProject
Project("{FAE04EC0-301F-11D3-BF4B-00C04F79EFBC}") = "SequencialMiningApriori", "SequencialMiningApriori\SequencialMiningApriori.csproj", "{E308F2D7-44C5-424A-84C8-0C9AE693BFA9}"
EndProject
Project("{FAE04EC0-301F-11D3-BF4B-00C04F79EFBC}") = "ConsoleTestAprioriAll", "ConsoleTestAprioriAll\ConsoleTestAprioriAll.csproj", "{06F7A442-147B-4C57-8729-643E59A03310}"
EndProject
Global
	GlobalSection(TestCaseManagementSettings) = postSolution
		CategoryFile = AprioriAll.vsmdi
	EndGlobalSection
	GlobalSection(SolutionConfigurationPlatforms) = preSolution
		Debug|Any CPU = Debug|Any CPU
		Debug|Mixed Platforms = Debug|Mixed Platforms
		Debug|x86 = Debug|x86
		Release|Any CPU = Release|Any CPU
		Release|Mixed Platforms = Release|Mixed Platforms
		Release|x86 = Release|x86
	EndGlobalSection
	GlobalSection(ProjectConfigurationPlatforms) = postSolution
		{8B7069AB-E7D4-4A0F-82B6-F1D6831A51C3}.Debug|Any CPU.ActiveCfg = Debug|Any CPU
		{8B7069AB-E7D4-4A0F-82B6-F1D6831A51C3}.Debug|Mixed Platforms.ActiveCfg = Debug|Any CPU
		{8B7069AB-E7D4-4A0F-82B6-F1D6831A51C3}.Debug|Mixed Platforms.Build.0 = Debug|Any CPU
		{8B7069AB-E7D4-4A0F-82B6-F1D6831A51C3}.Debug|x86.ActiveCfg = Debug|Any CPU
		{8B7069AB-E7D4-4A0F-82B6-F1D6831A51C3}.Release|Any CPU.ActiveCfg = Release|Any CPU
		{8B7069AB-E7D4-4A0F-82B6-F1D6831A51C3}.Release|Any CPU.Build.0 = Release|Any CPU
		{8B7069AB-E7D4-4A0F-82B6-F1D6831A51C3}.Release|Mixed Platforms.ActiveCfg = Release|Any CPU
		{8B7069AB-E7D4-4A0F-82B6-F1D6831A51C3}.Release|Mixed Platforms.Build.0 = Release|Any CPU
		{8B7069AB-E7D4-4A0F-82B6-F1D6831A51C3}.Release|x86.ActiveCfg = Release|Any CPU
		{8EB6F2DA-E671-4227-BE88-DA183A0C227B}.Debug|Any CPU.ActiveCfg = Debug|Any CPU
		{8EB6F2DA-E671-4227-BE88-DA183A0C227B}.Debug|Any CPU.Build.0 = Debug|Any CPU
		{8EB6F2DA-E671-4227-BE88-DA183A0C227B}.Debug|Mixed Platforms.ActiveCfg = Debug|Any CPU
		{8EB6F2DA-E671-4227-BE88-DA183A0C227B}.Debug|Mixed Platforms.Build.0 = Debug|Any CPU
		{8EB6F2DA-E671-4227-BE88-DA183A0C227B}.Debug|x86.ActiveCfg = Debug|Any CPU
		{8EB6F2DA-E671-4227-BE88-DA183A0C227B}.Release|Any CPU.ActiveCfg = Release|Any CPU
		{8EB6F2DA-E671-4227-BE88-DA183A0C227B}.Release|Any CPU.Build.0 = Release|Any CPU
		{8EB6F2DA-E671-4227-BE88-DA183A0C227B}.Release|Mixed Platforms.ActiveCfg = Release|Any CPU
		{8EB6F2DA-E671-4227-BE88-DA183A0C227B}.Release|Mixed Platforms.Build.0 = Release|Any CPU
		{8EB6F2DA-E671-4227-BE88-DA183A0C227B}.Release|x86.ActiveCfg = Release|Any CPU
		{E308F2D7-44C5-424A-84C8-0C9AE693BFA9}.Debug|Any CPU.ActiveCfg = Debug|x86
		{E308F2D7-44C5-424A-84C8-0C9AE693BFA9}.Debug|Mixed Platforms.ActiveCfg = Debug|x86
		{E308F2D7-44C5-424A-84C8-0C9AE693BFA9}.Debug|Mixed Platforms.Build.0 = Debug|x86
		{E308F2D7-44C5-424A-84C8-0C9AE693BFA9}.Debug|x86.ActiveCfg = Debug|x86
		{E308F2D7-44C5-424A-84C8-0C9AE693BFA9}.Debug|x86.Build.0 = Debug|x86
		{E308F2D7-44C5-424A-84C8-0C9AE693BFA9}.Release|Any CPU.ActiveCfg = Release|x86
		{E308F2D7-44C5-424A-84C8-0C9AE693BFA9}.Release|Mixed Platforms.ActiveCfg = Release|x86
		{E308F2D7-44C5-424A-84C8-0C9AE693BFA9}.Release|Mixed Platforms.Build.0 = Release|x86
		{E308F2D7-44C5-424A-84C8-0C9AE693BFA9}.Release|x86.ActiveCfg = Release|x86
		{E308F2D7-44C5-424A-84C8-0C9AE693BFA9}.Release|x86.Build.0 = Release|x86
		{06F7A442-147B-4C57-8729-643E59A03310}.Debug|Any CPU.ActiveCfg = Debug|x86
		{06F7A442-147B-4C57-8729-643E59A03310}.Debug|Any CPU.Build.0 = Debug|x86
		{06F7A442-147B-4C57-8729-643E59A03310}.Debug|Mixed Platforms.ActiveCfg = Debug|x86
		{06F7A442-147B-4C57-8729-643E59A03310}.Debug|Mixed Platforms.Build.0 = Debug|x86
		{06F7A442-147B-4C57-8729-643E59A03310}.Debug|x86.ActiveCfg = Debug|x86
		{06F7A442-147B-4C57-8729-643E59A03310}.Debug|x86.Build.0 = Debug|x86
		{06F7A442-147B-4C57-8729-643E59A03310}.Release|Any CPU.ActiveCfg = Release|x86
		{06F7A442-147B-4C57-8729-643E59A03310}.Release|Mixed Platforms.ActiveCfg = Release|x86
		{06F7A442-147B-4C57-8729-643E59A03310}.Release|Mixed Platforms.Build.0 = Release|x86
		{06F7A442-147B-4C57-8729-643E59A03310}.Release|x86.ActiveCfg = Release|x86
		{06F7A442-147B-4C57-8729-643E59A03310}.Release|x86.Build.0 = Release|x86
	EndGlobalSection
	GlobalSection(SolutionProperties) = preSolution
		HideSolutionNode = FALSE
	EndGlobalSection
EndGlobal
